// !$*UTF8*$!
{
	archiveVersion = 1;
	classes = {
	};
	objectVersion = 44;
	objects = {

/* Begin PBXAggregateTarget section */
		BC47999F104937EE00092001 /* Distro */ = {
			isa = PBXAggregateTarget;
			buildConfigurationList = BC4799A61049384900092001 /* Build configuration list for PBXAggregateTarget "Distro" */;
			buildPhases = (
				BC47999E104937EE00092001 /* Run "distro.sh" script */,
			);
			dependencies = (
				BC4799B91049388900092001 /* PBXTargetDependency */,
			);
			name = Distro;
			productName = Distro;
		};
		BCB2833C0C5B8B730057E475 /* Installer package */ = {
			isa = PBXAggregateTarget;
			buildConfigurationList = BCB2834D0C5B8BA90057E475 /* Build configuration list for PBXAggregateTarget "Installer package" */;
			buildPhases = (
				BCB2833B0C5B8B730057E475 /* Run "Package.sh" from buildtools */,
			);
			dependencies = (
				BCB283400C5B8B770057E475 /* PBXTargetDependency */,
			);
			name = "Installer package";
			productName = "Installer package";
		};
/* End PBXAggregateTarget section */

/* Begin PBXBuildFile section */
		BC755AC40D1BECD4005AD9F2 /* WOLocalizable.m in Sources */ = {isa = PBXBuildFile; fileRef = BC755AC30D1BECD4005AD9F2 /* WOLocalizable.m */; };
		BC755AE70D1BF294005AD9F2 /* NSScanner+WOAdditions.m in Sources */ = {isa = PBXBuildFile; fileRef = BC755AE60D1BF294005AD9F2 /* NSScanner+WOAdditions.m */; };
		BC79AB4E09A74186008FF8BC /* main.m in Sources */ = {isa = PBXBuildFile; fileRef = 08FB7796FE84155DC02AAC07 /* main.m */; settings = {ATTRIBUTES = (); }; };
		BC79AB5009A74186008FF8BC /* Foundation.framework in Frameworks */ = {isa = PBXBuildFile; fileRef = 08FB779EFE84155DC02AAC07 /* Foundation.framework */; };
/* End PBXBuildFile section */

/* Begin PBXContainerItemProxy section */
		BC4799B81049388900092001 /* PBXContainerItemProxy */ = {
			isa = PBXContainerItemProxy;
			containerPortal = 08FB7793FE84155DC02AAC07 /* Project object */;
			proxyType = 1;
			remoteGlobalIDString = BCB2833C0C5B8B730057E475 /* Installer package */;
			remoteInfo = "Installer package";
		};
		BCB2833F0C5B8B770057E475 /* PBXContainerItemProxy */ = {
			isa = PBXContainerItemProxy;
			containerPortal = 08FB7793FE84155DC02AAC07 /* Project object */;
			proxyType = 1;
			remoteGlobalIDString = BC79AB4C09A74186008FF8BC;
			remoteInfo = "wincent-strings-util";
		};
/* End PBXContainerItemProxy section */

/* Begin PBXFileReference section */
		08FB7796FE84155DC02AAC07 /* main.m */ = {isa = PBXFileReference; lastKnownFileType = sourcecode.c.objc; path = main.m; sourceTree = "<group>"; };
		08FB779EFE84155DC02AAC07 /* Foundation.framework */ = {isa = PBXFileReference; lastKnownFileType = wrapper.framework; name = Foundation.framework; path = /System/Library/Frameworks/Foundation.framework; sourceTree = "<absolute>"; };
		BC29A7BC0C4D2C1B009E427C /* base-style.xcconfig */ = {isa = PBXFileReference; fileEncoding = 30; lastKnownFileType = text.xcconfig; name = "base-style.xcconfig"; path = "buildtools/base-style.xcconfig"; sourceTree = "<group>"; };
		BC29A7BD0C4D2C1B009E427C /* debug-style.xcconfig */ = {isa = PBXFileReference; fileEncoding = 30; lastKnownFileType = text.xcconfig; name = "debug-style.xcconfig"; path = "buildtools/debug-style.xcconfig"; sourceTree = "<group>"; };
		BC29A7BE0C4D2C1B009E427C /* foundation-tool-target.xcconfig */ = {isa = PBXFileReference; fileEncoding = 30; lastKnownFileType = text.xcconfig; name = "foundation-tool-target.xcconfig"; path = "buildtools/foundation-tool-target.xcconfig"; sourceTree = "<group>"; };
		BC29A7BF0C4D2C1B009E427C /* release-style.xcconfig */ = {isa = PBXFileReference; fileEncoding = 30; lastKnownFileType = text.xcconfig; name = "release-style.xcconfig"; path = "buildtools/release-style.xcconfig"; sourceTree = "<group>"; };
		BC4799841048A94B00092001 /* tag-release.sh */ = {isa = PBXFileReference; fileEncoding = 4; lastKnownFileType = text.script.sh; path = "tag-release.sh"; sourceTree = "<group>"; };
		BC4799851048A96100092001 /* distro.sh */ = {isa = PBXFileReference; fileEncoding = 4; lastKnownFileType = text.script.sh; path = distro.sh; sourceTree = "<group>"; };
		BC755AC20D1BECD4005AD9F2 /* WOLocalizable.h */ = {isa = PBXFileReference; fileEncoding = 4; lastKnownFileType = sourcecode.c.h; path = WOLocalizable.h; sourceTree = "<group>"; };
		BC755AC30D1BECD4005AD9F2 /* WOLocalizable.m */ = {isa = PBXFileReference; fileEncoding = 4; lastKnownFileType = sourcecode.c.objc; path = WOLocalizable.m; sourceTree = "<group>"; };
		BC755AE50D1BF294005AD9F2 /* NSScanner+WOAdditions.h */ = {isa = PBXFileReference; fileEncoding = 4; lastKnownFileType = sourcecode.c.h; path = "NSScanner+WOAdditions.h"; sourceTree = "<group>"; };
		BC755AE60D1BF294005AD9F2 /* NSScanner+WOAdditions.m */ = {isa = PBXFileReference; fileEncoding = 4; lastKnownFileType = sourcecode.c.objc; path = "NSScanner+WOAdditions.m"; sourceTree = "<group>"; };
		BC755B8A0D1C1E78005AD9F2 /* util_spec.rb */ = {isa = PBXFileReference; fileEncoding = 4; lastKnownFileType = text.script.ruby; name = util_spec.rb; path = spec/util_spec.rb; sourceTree = "<group>"; };
		BC755B8D0D1C2523005AD9F2 /* spec_helper.rb */ = {isa = PBXFileReference; fileEncoding = 4; lastKnownFileType = text.script.ruby; name = spec_helper.rb; path = spec/spec_helper.rb; sourceTree = "<group>"; };
		BC755C790D1EE084005AD9F2 /* combine_spec.rb */ = {isa = PBXFileReference; fileEncoding = 4; lastKnownFileType = text.script.ruby; name = combine_spec.rb; path = spec/combine_spec.rb; sourceTree = "<group>"; };
		BC755C7A0D1EE084005AD9F2 /* extract_spec.rb */ = {isa = PBXFileReference; fileEncoding = 4; lastKnownFileType = text.script.ruby; name = extract_spec.rb; path = spec/extract_spec.rb; sourceTree = "<group>"; };
		BC755C7B0D1EE084005AD9F2 /* merge_spec.rb */ = {isa = PBXFileReference; fileEncoding = 4; lastKnownFileType = text.script.ruby; name = merge_spec.rb; path = spec/merge_spec.rb; sourceTree = "<group>"; };
		BC755C7C0D1EE084005AD9F2 /* output_spec.rb */ = {isa = PBXFileReference; fileEncoding = 4; lastKnownFileType = text.script.ruby; name = output_spec.rb; path = spec/output_spec.rb; sourceTree = "<group>"; };
		BC755C7D0D1EE084005AD9F2 /* base_spec.rb */ = {isa = PBXFileReference; fileEncoding = 4; lastKnownFileType = text.script.ruby; name = base_spec.rb; path = spec/base_spec.rb; sourceTree = "<group>"; };
		BC755C7E0D1EE084005AD9F2 /* encode_spec.rb */ = {isa = PBXFileReference; fileEncoding = 4; lastKnownFileType = text.script.ruby; name = encode_spec.rb; path = spec/encode_spec.rb; sourceTree = "<group>"; };
		BC79AB9009A74989008FF8BC /* wincent-strings-util.1 */ = {isa = PBXFileReference; explicitFileType = text.man; fileEncoding = 4; path = "wincent-strings-util.1"; sourceTree = "<group>"; };
		BC79ABC109A74FAC008FF8BC /* wincent-strings-util */ = {isa = PBXFileReference; explicitFileType = "compiled.mach-o.executable"; includeInIndex = 0; path = "wincent-strings-util"; sourceTree = BUILT_PRODUCTS_DIR; };
		BC79AC4109A76580008FF8BC /* LICENSE.txt */ = {isa = PBXFileReference; fileEncoding = 4; lastKnownFileType = text; path = LICENSE.txt; sourceTree = "<group>"; };
		BC79AC5709A767C4008FF8BC /* README.txt */ = {isa = PBXFileReference; fileEncoding = 4; lastKnownFileType = text; path = README.txt; sourceTree = "<group>"; };
		BCF40F121046AC88005DA7FE /* buildtools */ = {isa = PBXFileReference; lastKnownFileType = folder; path = buildtools; sourceTree = "<group>"; };
		BCF40F6D1046AC93005DA7FE /* Package.sh */ = {isa = PBXFileReference; fileEncoding = 4; lastKnownFileType = text.script.sh; name = Package.sh; path = buildtools/Package.sh; sourceTree = "<group>"; };
/* End PBXFileReference section */

/* Begin PBXFrameworksBuildPhase section */
		BC79AB4F09A74186008FF8BC /* Frameworks */ = {
			isa = PBXFrameworksBuildPhase;
			buildActionMask = 2147483647;
			files = (
				BC79AB5009A74186008FF8BC /* Foundation.framework in Frameworks */,
			);
			runOnlyForDeploymentPostprocessing = 0;
		};
/* End PBXFrameworksBuildPhase section */

/* Begin PBXGroup section */
		08FB7794FE84155DC02AAC07 /* stringsUtil */ = {
			isa = PBXGroup;
			children = (
				BCF40F121046AC88005DA7FE /* buildtools */,
				BCF40F111046AC71005DA7FE /* buildtools */,
				BC79AC4509A765DF008FF8BC /* Source */,
				BC33C24009A972D900E38D2D /* Specs */,
				BC4799821048A93C00092001 /* Scripts */,
				BC79AC4409A765D2008FF8BC /* Documentation */,
				08FB779DFE84155DC02AAC07 /* External Frameworks and Libraries */,
				1AB674ADFE9D54B511CA2CBB /* Products */,
			);
			name = stringsUtil;
			sourceTree = "<group>";
		};
		08FB779DFE84155DC02AAC07 /* External Frameworks and Libraries */ = {
			isa = PBXGroup;
			children = (
				08FB779EFE84155DC02AAC07 /* Foundation.framework */,
			);
			name = "External Frameworks and Libraries";
			sourceTree = "<group>";
		};
		1AB674ADFE9D54B511CA2CBB /* Products */ = {
			isa = PBXGroup;
			children = (
				BC79ABC109A74FAC008FF8BC /* wincent-strings-util */,
			);
			name = Products;
			sourceTree = "<group>";
		};
		BC33C24009A972D900E38D2D /* Specs */ = {
			isa = PBXGroup;
			children = (
				BC755C790D1EE084005AD9F2 /* combine_spec.rb */,
				BC755C7A0D1EE084005AD9F2 /* extract_spec.rb */,
				BC755C7B0D1EE084005AD9F2 /* merge_spec.rb */,
				BC755C7C0D1EE084005AD9F2 /* output_spec.rb */,
				BC755C7D0D1EE084005AD9F2 /* base_spec.rb */,
				BC755C7E0D1EE084005AD9F2 /* encode_spec.rb */,
				BC755B8D0D1C2523005AD9F2 /* spec_helper.rb */,
				BC755B8A0D1C1E78005AD9F2 /* util_spec.rb */,
			);
			name = Specs;
			sourceTree = "<group>";
		};
		BC4799821048A93C00092001 /* Scripts */ = {
			isa = PBXGroup;
			children = (
				BC4799841048A94B00092001 /* tag-release.sh */,
				BC4799851048A96100092001 /* distro.sh */,
			);
			name = Scripts;
			sourceTree = "<group>";
		};
		BC79AC4409A765D2008FF8BC /* Documentation */ = {
			isa = PBXGroup;
			children = (
				BC79AB9009A74989008FF8BC /* wincent-strings-util.1 */,
				BC79AC4109A76580008FF8BC /* LICENSE.txt */,
				BC79AC5709A767C4008FF8BC /* README.txt */,
			);
			name = Documentation;
			sourceTree = "<group>";
		};
		BC79AC4509A765DF008FF8BC /* Source */ = {
			isa = PBXGroup;
			children = (
				08FB7796FE84155DC02AAC07 /* main.m */,
				BC755AC20D1BECD4005AD9F2 /* WOLocalizable.h */,
				BC755AC30D1BECD4005AD9F2 /* WOLocalizable.m */,
				BC755AE50D1BF294005AD9F2 /* NSScanner+WOAdditions.h */,
				BC755AE60D1BF294005AD9F2 /* NSScanner+WOAdditions.m */,
			);
			name = Source;
			sourceTree = "<group>";
		};
		BCF40F111046AC71005DA7FE /* buildtools */ = {
			isa = PBXGroup;
			children = (
				BC29A7BC0C4D2C1B009E427C /* base-style.xcconfig */,
				BC29A7BD0C4D2C1B009E427C /* debug-style.xcconfig */,
				BC29A7BE0C4D2C1B009E427C /* foundation-tool-target.xcconfig */,
				BC29A7BF0C4D2C1B009E427C /* release-style.xcconfig */,
				BCF40F6D1046AC93005DA7FE /* Package.sh */,
			);
			name = buildtools;
			sourceTree = "<group>";
		};
/* End PBXGroup section */

/* Begin PBXNativeTarget section */
		BC79AB4C09A74186008FF8BC /* wincent-strings-util */ = {
			isa = PBXNativeTarget;
			buildConfigurationList = BC79AB5109A74186008FF8BC /* Build configuration list for PBXNativeTarget "wincent-strings-util" */;
			buildPhases = (
				BC79AB4D09A74186008FF8BC /* Sources */,
				BC79AB4F09A74186008FF8BC /* Frameworks */,
				BC67D9090D3CD80A006A5196 /* Run Script (autotest) */,
			);
			buildRules = (
			);
			dependencies = (
			);
			name = "wincent-strings-util";
			productInstallPath = "$(HOME)/bin";
			productName = stringsUtil;
			productReference = BC79ABC109A74FAC008FF8BC /* wincent-strings-util */;
			productType = "com.apple.product-type.tool";
		};
/* End PBXNativeTarget section */

/* Begin PBXProject section */
		08FB7793FE84155DC02AAC07 /* Project object */ = {
			isa = PBXProject;
			buildConfigurationList = BC79AB4509A7355B008FF8BC /* Build configuration list for PBXProject "wincent-strings-util" */;
			compatibilityVersion = "Xcode 3.0";
			hasScannedForEncodings = 0;
			mainGroup = 08FB7794FE84155DC02AAC07 /* stringsUtil */;
			projectDirPath = "";
			projectRoot = "";
			targets = (
				BC79AB4C09A74186008FF8BC /* wincent-strings-util */,
				BCB2833C0C5B8B730057E475 /* Installer package */,
				BC47999F104937EE00092001 /* Distro */,
			);
		};
/* End PBXProject section */

/* Begin PBXShellScriptBuildPhase section */
		BC47999E104937EE00092001 /* Run "distro.sh" script */ = {
			isa = PBXShellScriptBuildPhase;
			buildActionMask = 2147483647;
			files = (
			);
			inputPaths = (
			);
			name = "Run \"distro.sh\" script";
			outputPaths = (
			);
			runOnlyForDeploymentPostprocessing = 0;
			shellPath = "";
			shellScript = ./distro.sh;
		};
		BC67D9090D3CD80A006A5196 /* Run Script (autotest) */ = {
			isa = PBXShellScriptBuildPhase;
			buildActionMask = 2147483647;
			files = (
			);
			inputPaths = (
			);
			name = "Run Script (autotest)";
			outputPaths = (
			);
			runOnlyForDeploymentPostprocessing = 0;
			shellPath = /bin/sh;
			shellScript = "touch \"$SOURCE_ROOT/.autotest\"\n";
		};
		BCB2833B0C5B8B730057E475 /* Run "Package.sh" from buildtools */ = {
			isa = PBXShellScriptBuildPhase;
			buildActionMask = 2147483647;
			files = (
			);
			inputPaths = (
			);
			name = "Run \"Package.sh\" from buildtools";
			outputPaths = (
			);
			runOnlyForDeploymentPostprocessing = 0;
			shellPath = /bin/sh;
			shellScript = "# no package name specified here, so defaults to PRODUCT_NAME\n# could override this here if I wanted to incorporate the version number\n# or build from the commandline using xcodebuild and passing in an override for PRODUCT_NAME\n\"${BUILDTOOLS_DIR}/Package.sh\"\n";
		};
/* End PBXShellScriptBuildPhase section */

/* Begin PBXSourcesBuildPhase section */
		BC79AB4D09A74186008FF8BC /* Sources */ = {
			isa = PBXSourcesBuildPhase;
			buildActionMask = 2147483647;
			files = (
				BC79AB4E09A74186008FF8BC /* main.m in Sources */,
				BC755AC40D1BECD4005AD9F2 /* WOLocalizable.m in Sources */,
				BC755AE70D1BF294005AD9F2 /* NSScanner+WOAdditions.m in Sources */,
			);
			runOnlyForDeploymentPostprocessing = 0;
		};
/* End PBXSourcesBuildPhase section */

/* Begin PBXTargetDependency section */
		BC4799B91049388900092001 /* PBXTargetDependency */ = {
			isa = PBXTargetDependency;
			target = BCB2833C0C5B8B730057E475 /* Installer package */;
			targetProxy = BC4799B81049388900092001 /* PBXContainerItemProxy */;
		};
		BCB283400C5B8B770057E475 /* PBXTargetDependency */ = {
			isa = PBXTargetDependency;
			target = BC79AB4C09A74186008FF8BC /* wincent-strings-util */;
			targetProxy = BCB2833F0C5B8B770057E475 /* PBXContainerItemProxy */;
		};
/* End PBXTargetDependency section */

/* Begin XCBuildConfiguration section */
		BC4799A0104937EF00092001 /* Debug */ = {
			isa = XCBuildConfiguration;
			buildSettings = {
				PRODUCT_NAME = Distro;
			};
			name = Debug;
		};
		BC4799A1104937EF00092001 /* Release */ = {
			isa = XCBuildConfiguration;
			buildSettings = {
				PRODUCT_NAME = Distro;
			};
			name = Release;
		};
		BC79AB4609A7355B008FF8BC /* Debug */ = {
			isa = XCBuildConfiguration;
			baseConfigurationReference = BC29A7BD0C4D2C1B009E427C /* debug-style.xcconfig */;
			buildSettings = {
			};
			name = Debug;
		};
		BC79AB4709A7355B008FF8BC /* Release */ = {
			isa = XCBuildConfiguration;
			baseConfigurationReference = BC29A7BF0C4D2C1B009E427C /* release-style.xcconfig */;
			buildSettings = {
			};
			name = Release;
		};
		BC79AB5209A74186008FF8BC /* Debug */ = {
			isa = XCBuildConfiguration;
			baseConfigurationReference = BC29A7BE0C4D2C1B009E427C /* foundation-tool-target.xcconfig */;
			buildSettings = {
				PRODUCT_NAME = "wincent-strings-util";
			};
			name = Debug;
		};
		BC79AB5309A74186008FF8BC /* Release */ = {
			isa = XCBuildConfiguration;
			baseConfigurationReference = BC29A7BE0C4D2C1B009E427C /* foundation-tool-target.xcconfig */;
			buildSettings = {
				INSTALL_PATH = "$(HOME)/bin";
				PRODUCT_NAME = "wincent-strings-util";
			};
			name = Release;
		};
		BCB2833D0C5B8B730057E475 /* Debug */ = {
			isa = XCBuildConfiguration;
			buildSettings = {
				PRODUCT_NAME = WincentStringsUtility;
			};
			name = Debug;
		};
		BCB2833E0C5B8B730057E475 /* Release */ = {
			isa = XCBuildConfiguration;
			buildSettings = {
				PRODUCT_NAME = WincentStringsUtility;
			};
			name = Release;
		};
/* End XCBuildConfiguration section */

/* Begin XCConfigurationList section */
		BC4799A61049384900092001 /* Build configuration list for PBXAggregateTarget "Distro" */ = {
			isa = XCConfigurationList;
			buildConfigurations = (
				BC4799A0104937EF00092001 /* Debug */,
				BC4799A1104937EF00092001 /* Release */,
			);
			defaultConfigurationIsVisible = 0;
			defaultConfigurationName = Release;
		};
		BC79AB4509A7355B008FF8BC /* Build configuration list for PBXProject "wincent-strings-util" */ = {
			isa = XCConfigurationList;
			buildConfigurations = (
				BC79AB4609A7355B008FF8BC /* Debug */,
				BC79AB4709A7355B008FF8BC /* Release */,
			);
			defaultConfigurationIsVisible = 0;
			defaultConfigurationName = Release;
		};
		BC79AB5109A74186008FF8BC /* Build configuration list for PBXNativeTarget "wincent-strings-util" */ = {
			isa = XCConfigurationList;
			buildConfigurations = (
				BC79AB5209A74186008FF8BC /* Debug */,
				BC79AB5309A74186008FF8BC /* Release */,
			);
			defaultConfigurationIsVisible = 0;
			defaultConfigurationName = Release;
		};
		BCB2834D0C5B8BA90057E475 /* Build configuration list for PBXAggregateTarget "Installer package" */ = {
			isa = XCConfigurationList;
			buildConfigurations = (
				BCB2833D0C5B8B730057E475 /* Debug */,
				BCB2833E0C5B8B730057E475 /* Release */,
			);
			defaultConfigurationIsVisible = 0;
			defaultConfigurationName = Release;
		};
/* End XCConfigurationList section */
	};
	rootObject = 08FB7793FE84155DC02AAC07 /* Project object */;
}
