// !$*UTF8*$!
{
	archiveVersion = 1;
	classes = {
	};
	objectVersion = 44;
	objects = {

/* Begin PBXAggregateTarget section */
		BCB2833C0C5B8B730057E475 /* Installer package */ = {
			isa = PBXAggregateTarget;
			buildConfigurationList = BCB2834D0C5B8BA90057E475 /* Build configuration list for PBXAggregateTarget "Installer package" */;
			buildPhases = (
				BCB2833B0C5B8B730057E475 /* ShellScript */,
			);
			dependencies = (
				BCB283400C5B8B770057E475 /* PBXTargetDependency */,
			);
			name = "Installer package";
			productName = "Installer package";
		};
/* End PBXAggregateTarget section */

/* Begin PBXBuildFile section */
		BC79AB4E09A74186008FF8BC /* main.m in Sources */ = {isa = PBXBuildFile; fileRef = 08FB7796FE84155DC02AAC07 /* main.m */; settings = {ATTRIBUTES = (); }; };
		BC79AB5009A74186008FF8BC /* Foundation.framework in Frameworks */ = {isa = PBXBuildFile; fileRef = 08FB779EFE84155DC02AAC07 /* Foundation.framework */; };
/* End PBXBuildFile section */

/* Begin PBXContainerItemProxy section */
		BCB2833F0C5B8B770057E475 /* PBXContainerItemProxy */ = {
			isa = PBXContainerItemProxy;
			containerPortal = 08FB7793FE84155DC02AAC07 /* Project object */;
			proxyType = 1;
			remoteGlobalIDString = BC79AB4C09A74186008FF8BC;
			remoteInfo = "wincent-strings-util";
		};
/* End PBXContainerItemProxy section */

/* Begin PBXFileReference section */
		08FB7796FE84155DC02AAC07 /* main.m */ = {isa = PBXFileReference; lastKnownFileType = sourcecode.c.objc; path = main.m; sourceTree = "<group>"; };
		08FB779EFE84155DC02AAC07 /* Foundation.framework */ = {isa = PBXFileReference; lastKnownFileType = wrapper.framework; name = Foundation.framework; path = /System/Library/Frameworks/Foundation.framework; sourceTree = "<absolute>"; };
		BC29A7BC0C4D2C1B009E427C /* base-style.xcconfig */ = {isa = PBXFileReference; fileEncoding = 30; lastKnownFileType = text.xcconfig; name = "base-style.xcconfig"; path = "../../buildtools/base-style.xcconfig"; sourceTree = SOURCE_ROOT; };
		BC29A7BD0C4D2C1B009E427C /* debug-style.xcconfig */ = {isa = PBXFileReference; fileEncoding = 30; lastKnownFileType = text.xcconfig; name = "debug-style.xcconfig"; path = "../../buildtools/debug-style.xcconfig"; sourceTree = SOURCE_ROOT; };
		BC29A7BE0C4D2C1B009E427C /* foundation-tool-target.xcconfig */ = {isa = PBXFileReference; fileEncoding = 30; lastKnownFileType = text.xcconfig; name = "foundation-tool-target.xcconfig"; path = "../../buildtools/foundation-tool-target.xcconfig"; sourceTree = SOURCE_ROOT; };
		BC29A7BF0C4D2C1B009E427C /* release-style.xcconfig */ = {isa = PBXFileReference; fileEncoding = 30; lastKnownFileType = text.xcconfig; name = "release-style.xcconfig"; path = "../../buildtools/release-style.xcconfig"; sourceTree = SOURCE_ROOT; };
		BC79AB9009A74989008FF8BC /* wincent-strings-util.1 */ = {isa = PBXFileReference; explicitFileType = text.man; fileEncoding = 4; path = "wincent-strings-util.1"; sourceTree = "<group>"; };
		BC79ABC109A74FAC008FF8BC /* wincent-strings-util */ = {isa = PBXFileReference; explicitFileType = "compiled.mach-o.executable"; includeInIndex = 0; path = "wincent-strings-util"; sourceTree = BUILT_PRODUCTS_DIR; };
		BC79AC4109A76580008FF8BC /* LICENSE.txt */ = {isa = PBXFileReference; fileEncoding = 4; lastKnownFileType = text; path = LICENSE.txt; sourceTree = "<group>"; };
		BC79AC5709A767C4008FF8BC /* README.txt */ = {isa = PBXFileReference; fileEncoding = 4; lastKnownFileType = text; path = README.txt; sourceTree = "<group>"; };
/* End PBXFileReference section */

/* Begin PBXFrameworksBuildPhase section */
		BC79AB4F09A74186008FF8BC /* Frameworks */ = {
			isa = PBXFrameworksBuildPhase;
			buildActionMask = 2147483647;
			files = (
				BC79AB5009A74186008FF8BC /* Foundation.framework in Frameworks */,
			);
			runOnlyForDeploymentPostprocessing = 0;
		};
/* End PBXFrameworksBuildPhase section */

/* Begin PBXGroup section */
		08FB7794FE84155DC02AAC07 /* stringsUtil */ = {
			isa = PBXGroup;
			children = (
				BC29A7B90C4D2BF6009E427C /* Configuration */,
				BC79AC4509A765DF008FF8BC /* Source */,
				BC33C24009A972D900E38D2D /* Unit tests */,
				BC79AC4409A765D2008FF8BC /* Documentation */,
				08FB779DFE84155DC02AAC07 /* External Frameworks and Libraries */,
				1AB674ADFE9D54B511CA2CBB /* Products */,
			);
			name = stringsUtil;
			sourceTree = "<group>";
		};
		08FB779DFE84155DC02AAC07 /* External Frameworks and Libraries */ = {
			isa = PBXGroup;
			children = (
				08FB779EFE84155DC02AAC07 /* Foundation.framework */,
			);
			name = "External Frameworks and Libraries";
			sourceTree = "<group>";
		};
		1AB674ADFE9D54B511CA2CBB /* Products */ = {
			isa = PBXGroup;
			children = (
				BC79ABC109A74FAC008FF8BC /* wincent-strings-util */,
			);
			name = Products;
			sourceTree = "<group>";
		};
		BC29A7B90C4D2BF6009E427C /* Configuration */ = {
			isa = PBXGroup;
			children = (
				BC29A7BC0C4D2C1B009E427C /* base-style.xcconfig */,
				BC29A7BD0C4D2C1B009E427C /* debug-style.xcconfig */,
				BC29A7BE0C4D2C1B009E427C /* foundation-tool-target.xcconfig */,
				BC29A7BF0C4D2C1B009E427C /* release-style.xcconfig */,
			);
			name = Configuration;
			sourceTree = "<group>";
		};
		BC33C24009A972D900E38D2D /* Unit tests */ = {
			isa = PBXGroup;
			children = (
			);
			name = "Unit tests";
			sourceTree = "<group>";
		};
		BC79AC4409A765D2008FF8BC /* Documentation */ = {
			isa = PBXGroup;
			children = (
				BC79AB9009A74989008FF8BC /* wincent-strings-util.1 */,
				BC79AC4109A76580008FF8BC /* LICENSE.txt */,
				BC79AC5709A767C4008FF8BC /* README.txt */,
			);
			name = Documentation;
			sourceTree = "<group>";
		};
		BC79AC4509A765DF008FF8BC /* Source */ = {
			isa = PBXGroup;
			children = (
				08FB7796FE84155DC02AAC07 /* main.m */,
			);
			name = Source;
			sourceTree = "<group>";
		};
/* End PBXGroup section */

/* Begin PBXNativeTarget section */
		BC79AB4C09A74186008FF8BC /* wincent-strings-util */ = {
			isa = PBXNativeTarget;
			buildConfigurationList = BC79AB5109A74186008FF8BC /* Build configuration list for PBXNativeTarget "wincent-strings-util" */;
			buildPhases = (
				BC79AB4D09A74186008FF8BC /* Sources */,
				BC79AB4F09A74186008FF8BC /* Frameworks */,
			);
			buildRules = (
			);
			dependencies = (
			);
			name = "wincent-strings-util";
			productInstallPath = "$(HOME)/bin";
			productName = stringsUtil;
			productReference = BC79ABC109A74FAC008FF8BC /* wincent-strings-util */;
			productType = "com.apple.product-type.tool";
		};
/* End PBXNativeTarget section */

/* Begin PBXProject section */
		08FB7793FE84155DC02AAC07 /* Project object */ = {
			isa = PBXProject;
			buildConfigurationList = BC79AB4509A7355B008FF8BC /* Build configuration list for PBXProject "wincent-strings-util" */;
			compatibilityVersion = "Xcode 3.0";
			hasScannedForEncodings = 0;
			mainGroup = 08FB7794FE84155DC02AAC07 /* stringsUtil */;
			projectDirPath = "";
			projectRoot = "";
			targets = (
				BC79AB4C09A74186008FF8BC /* wincent-strings-util */,
				BCB2833C0C5B8B730057E475 /* Installer package */,
			);
		};
/* End PBXProject section */

/* Begin PBXShellScriptBuildPhase section */
		BCB2833B0C5B8B730057E475 /* ShellScript */ = {
			isa = PBXShellScriptBuildPhase;
			buildActionMask = 2147483647;
			files = (
			);
			inputPaths = (
			);
			outputPaths = (
			);
			runOnlyForDeploymentPostprocessing = 0;
			shellPath = /bin/sh;
			shellScript = "# no package name specified here, so defaults to PRODUCT_NAME\n# could override this here if I wanted to incorporate the version number\n# or build from the commandline using xcodebuild and passing in an override for PRODUCT_NAME\n\"${BUILDTOOLS_DIR}/Package.sh\"\n";
		};
/* End PBXShellScriptBuildPhase section */

/* Begin PBXSourcesBuildPhase section */
		BC79AB4D09A74186008FF8BC /* Sources */ = {
			isa = PBXSourcesBuildPhase;
			buildActionMask = 2147483647;
			files = (
				BC79AB4E09A74186008FF8BC /* main.m in Sources */,
			);
			runOnlyForDeploymentPostprocessing = 0;
		};
/* End PBXSourcesBuildPhase section */

/* Begin PBXTargetDependency section */
		BCB283400C5B8B770057E475 /* PBXTargetDependency */ = {
			isa = PBXTargetDependency;
			target = BC79AB4C09A74186008FF8BC /* wincent-strings-util */;
			targetProxy = BCB2833F0C5B8B770057E475 /* PBXContainerItemProxy */;
		};
/* End PBXTargetDependency section */

/* Begin XCBuildConfiguration section */
		BC79AB4609A7355B008FF8BC /* Debug */ = {
			isa = XCBuildConfiguration;
			baseConfigurationReference = BC29A7BD0C4D2C1B009E427C /* debug-style.xcconfig */;
			buildSettings = {
			};
			name = Debug;
		};
		BC79AB4709A7355B008FF8BC /* Release */ = {
			isa = XCBuildConfiguration;
			baseConfigurationReference = BC29A7BF0C4D2C1B009E427C /* release-style.xcconfig */;
			buildSettings = {
			};
			name = Release;
		};
		BC79AB5209A74186008FF8BC /* Debug */ = {
			isa = XCBuildConfiguration;
			baseConfigurationReference = BC29A7BE0C4D2C1B009E427C /* foundation-tool-target.xcconfig */;
			buildSettings = {
				PRODUCT_NAME = "wincent-strings-util";
			};
			name = Debug;
		};
		BC79AB5309A74186008FF8BC /* Release */ = {
			isa = XCBuildConfiguration;
			buildSettings = {
				INSTALL_PATH = "$(HOME)/bin";
				PRODUCT_NAME = "wincent-strings-util";
			};
			name = Release;
		};
		BCB2833D0C5B8B730057E475 /* Debug */ = {
			isa = XCBuildConfiguration;
			buildSettings = {
				PRODUCT_NAME = WincentStringsUtility;
			};
			name = Debug;
		};
		BCB2833E0C5B8B730057E475 /* Release */ = {
			isa = XCBuildConfiguration;
			buildSettings = {
				PRODUCT_NAME = WincentStringsUtility;
			};
			name = Release;
		};
/* End XCBuildConfiguration section */

/* Begin XCConfigurationList section */
		BC79AB4509A7355B008FF8BC /* Build configuration list for PBXProject "wincent-strings-util" */ = {
			isa = XCConfigurationList;
			buildConfigurations = (
				BC79AB4609A7355B008FF8BC /* Debug */,
				BC79AB4709A7355B008FF8BC /* Release */,
			);
			defaultConfigurationIsVisible = 0;
			defaultConfigurationName = Release;
		};
		BC79AB5109A74186008FF8BC /* Build configuration list for PBXNativeTarget "wincent-strings-util" */ = {
			isa = XCConfigurationList;
			buildConfigurations = (
				BC79AB5209A74186008FF8BC /* Debug */,
				BC79AB5309A74186008FF8BC /* Release */,
			);
			defaultConfigurationIsVisible = 0;
			defaultConfigurationName = Release;
		};
		BCB2834D0C5B8BA90057E475 /* Build configuration list for PBXAggregateTarget "Installer package" */ = {
			isa = XCConfigurationList;
			buildConfigurations = (
				BCB2833D0C5B8B730057E475 /* Debug */,
				BCB2833E0C5B8B730057E475 /* Release */,
			);
			defaultConfigurationIsVisible = 0;
			defaultConfigurationName = Release;
		};
/* End XCConfigurationList section */
	};
	rootObject = 08FB7793FE84155DC02AAC07 /* Project object */;
}
